
Microsoft Visual Studio Solution File, Format Version 12.00
# Visual Studio Version 16
VisualStudioVersion = 16.0.30804.86
MinimumVisualStudioVersion = 10.0.40219.1
Project("{9A19103F-16F7-4668-BE54-9A1E7A4F7556}") = "StowayNet.Extensions.EntityFramework", "src\StowayNet.Extensions.EntityFramework\StowayNet.Extensions.EntityFramework.csproj", "{4740DF53-B9A9-4133-8EE1-DE74456DCC2E}"
EndProject
Project("{FAE04EC0-301F-11D3-BF4B-00C04F79EFBC}") = "StowayNet.Extensions.EntityFramework.Tests", "test\StowayNet.Extensions.EntityFramework.Tests\StowayNet.Extensions.EntityFramework.Tests.csproj", "{BAC2E672-31F7-4365-A7F2-E487961696AD}"
EndProject
Global
	GlobalSection(SolutionConfigurationPlatforms) = preSolution
		Debug|Any CPU = Debug|Any CPU
		Release|Any CPU = Release|Any CPU
	EndGlobalSection
	GlobalSection(ProjectConfigurationPlatforms) = postSolution
		{4740DF53-B9A9-4133-8EE1-DE74456DCC2E}.Debug|Any CPU.ActiveCfg = Debug|Any CPU
		{4740DF53-B9A9-4133-8EE1-DE74456DCC2E}.Debug|Any CPU.Build.0 = Debug|Any CPU
		{4740DF53-B9A9-4133-8EE1-DE74456DCC2E}.Release|Any CPU.ActiveCfg = Release|Any CPU
		{4740DF53-B9A9-4133-8EE1-DE74456DCC2E}.Release|Any CPU.Build.0 = Release|Any CPU
		{BAC2E672-31F7-4365-A7F2-E487961696AD}.Debug|Any CPU.ActiveCfg = Debug|Any CPU
		{BAC2E672-31F7-4365-A7F2-E487961696AD}.Debug|Any CPU.Build.0 = Debug|Any CPU
		{BAC2E672-31F7-4365-A7F2-E487961696AD}.Release|Any CPU.ActiveCfg = Release|Any CPU
		{BAC2E672-31F7-4365-A7F2-E487961696AD}.Release|Any CPU.Build.0 = Release|Any CPU
	EndGlobalSection
	GlobalSection(SolutionProperties) = preSolution
		HideSolutionNode = FALSE
	EndGlobalSection
	GlobalSection(ExtensibilityGlobals) = postSolution
		SolutionGuid = {929FF359-664E-4A94-BBD6-ADD2658C8D48}
	EndGlobalSection
EndGlobal
